
Microsoft Visual Studio Solution File, Format Version 12.00
# Visual Studio Version 16
VisualStudioVersion = 16.0.31624.102
MinimumVisualStudioVersion = 10.0.40219.1
Project("{FAE04EC0-301F-11D3-BF4B-00C04F79EFBC}") = "EducationSystem", "EducationSystem\EducationSystem.csproj", "{4CDE4844-6E24-445C-A5A7-DCDA1A76499B}"
EndProject
Global
	GlobalSection(SolutionConfigurationPlatforms) = preSolution
		Debug|Any CPU = Debug|Any CPU
		Release|Any CPU = Release|Any CPU
	EndGlobalSection
	GlobalSection(ProjectConfigurationPlatforms) = postSolution
		{4CDE4844-6E24-445C-A5A7-DCDA1A76499B}.Debug|Any CPU.ActiveCfg = Debug|Any CPU
		{4CDE4844-6E24-445C-A5A7-DCDA1A76499B}.Debug|Any CPU.Build.0 = Debug|Any CPU
		{4CDE4844-6E24-445C-A5A7-DCDA1A76499B}.Release|Any CPU.ActiveCfg = Release|Any CPU
		{4CDE4844-6E24-445C-A5A7-DCDA1A76499B}.Release|Any CPU.Build.0 = Release|Any CPU
	EndGlobalSection
	GlobalSection(SolutionProperties) = preSolution
		HideSolutionNode = FALSE
	EndGlobalSection
	GlobalSection(ExtensibilityGlobals) = postSolution
		SolutionGuid = {3EEE3334-D47D-42AA-9A14-793B0D447912}
	EndGlobalSection
EndGlobal
